// !$*UTF8*$!
{
	archiveVersion = 1;
	classes = {
	};
	objectVersion = 56;
	objects = {

/* Begin PBXBuildFile section */
		331E1A072A68C4E600FB51F1 /* FavoriteViewModel.swift in Sources */ = {isa = PBXBuildFile; fileRef = 331E1A062A68C4E600FB51F1 /* FavoriteViewModel.swift */; };
		331E1A092A68C80A00FB51F1 /* DetailViewModel.swift in Sources */ = {isa = PBXBuildFile; fileRef = 331E1A082A68C80A00FB51F1 /* DetailViewModel.swift */; };
		331E1A0B2A68E69E00FB51F1 /* CollectionViewModel.swift in Sources */ = {isa = PBXBuildFile; fileRef = 331E1A0A2A68E69E00FB51F1 /* CollectionViewModel.swift */; };
		331E1A0D2A69092F00FB51F1 /* EditDataViewModel.swift in Sources */ = {isa = PBXBuildFile; fileRef = 331E1A0C2A69092F00FB51F1 /* EditDataViewModel.swift */; };
		331E1A0F2A690F8100FB51F1 /* AboutViewModel.swift in Sources */ = {isa = PBXBuildFile; fileRef = 331E1A0E2A690F8100FB51F1 /* AboutViewModel.swift */; };
		331E1A112A691D2C00FB51F1 /* MoveViewModel.swift in Sources */ = {isa = PBXBuildFile; fileRef = 331E1A102A691D2C00FB51F1 /* MoveViewModel.swift */; };
		331FAA042A60DEDB003C50B0 /* Extension.swift in Sources */ = {isa = PBXBuildFile; fileRef = 331FAA032A60DEDB003C50B0 /* Extension.swift */; };
		331FAA082A61297E003C50B0 /* AboutViewController.swift in Sources */ = {isa = PBXBuildFile; fileRef = 331FAA072A61297E003C50B0 /* AboutViewController.swift */; };
		331FAA0A2A612991003C50B0 /* BaseStatsViewController.swift in Sources */ = {isa = PBXBuildFile; fileRef = 331FAA092A612991003C50B0 /* BaseStatsViewController.swift */; };
		331FAA0C2A6129A2003C50B0 /* MoveViewController.swift in Sources */ = {isa = PBXBuildFile; fileRef = 331FAA0B2A6129A2003C50B0 /* MoveViewController.swift */; };
		331FAA0F2A613E42003C50B0 /* MoveTableViewCell.swift in Sources */ = {isa = PBXBuildFile; fileRef = 331FAA0D2A613E42003C50B0 /* MoveTableViewCell.swift */; };
		331FAA102A613E42003C50B0 /* MoveTableViewCell.xib in Resources */ = {isa = PBXBuildFile; fileRef = 331FAA0E2A613E42003C50B0 /* MoveTableViewCell.xib */; };
		3348AC662A6630EE0093E406 /* EditData.storyboard in Resources */ = {isa = PBXBuildFile; fileRef = 3348AC652A6630EE0093E406 /* EditData.storyboard */; };
		3348AC682A66310D0093E406 /* EditDataViewController.swift in Sources */ = {isa = PBXBuildFile; fileRef = 3348AC672A66310D0093E406 /* EditDataViewController.swift */; };
		3348AC6B2A6686E80093E406 /* HomeViewModel.swift in Sources */ = {isa = PBXBuildFile; fileRef = 3348AC6A2A6686E80093E406 /* HomeViewModel.swift */; };
		334CC71B2A5FEF030040E1F0 /* SDWebImage in Frameworks */ = {isa = PBXBuildFile; productRef = 334CC71A2A5FEF030040E1F0 /* SDWebImage */; };
		334CC71D2A5FEF030040E1F0 /* SDWebImageMapKit in Frameworks */ = {isa = PBXBuildFile; productRef = 334CC71C2A5FEF030040E1F0 /* SDWebImageMapKit */; };
		3391BE672A64F58A0065F6C0 /* CoreData.xcdatamodeld in Sources */ = {isa = PBXBuildFile; fileRef = 3391BE652A64F58A0065F6C0 /* CoreData.xcdatamodeld */; };
		3391BE692A64F9440065F6C0 /* FavoriteViewController.swift in Sources */ = {isa = PBXBuildFile; fileRef = 3391BE682A64F9440065F6C0 /* FavoriteViewController.swift */; };
		3391BE6C2A64FA9A0065F6C0 /* FavoriteViewCell.swift in Sources */ = {isa = PBXBuildFile; fileRef = 3391BE6A2A64FA9A0065F6C0 /* FavoriteViewCell.swift */; };
		3391BE6D2A64FA9A0065F6C0 /* FavoriteViewCell.xib in Resources */ = {isa = PBXBuildFile; fileRef = 3391BE6B2A64FA9A0065F6C0 /* FavoriteViewCell.xib */; };
		3391BE6F2A64FFFC0065F6C0 /* FavoritePokemon.swift in Sources */ = {isa = PBXBuildFile; fileRef = 3391BE6E2A64FFFC0065F6C0 /* FavoritePokemon.swift */; };
		3391BE712A6513DE0065F6C0 /* CoreDataManager.swift in Sources */ = {isa = PBXBuildFile; fileRef = 3391BE702A6513DE0065F6C0 /* CoreDataManager.swift */; };
		33A2BB712A5E3938002E8F43 /* AppDelegate.swift in Sources */ = {isa = PBXBuildFile; fileRef = 33A2BB702A5E3938002E8F43 /* AppDelegate.swift */; };
		33A2BB732A5E3938002E8F43 /* SceneDelegate.swift in Sources */ = {isa = PBXBuildFile; fileRef = 33A2BB722A5E3938002E8F43 /* SceneDelegate.swift */; };
		33A2BB752A5E3938002E8F43 /* HomeController.swift in Sources */ = {isa = PBXBuildFile; fileRef = 33A2BB742A5E3938002E8F43 /* HomeController.swift */; };
		33A2BB782A5E3938002E8F43 /* Main.storyboard in Resources */ = {isa = PBXBuildFile; fileRef = 33A2BB762A5E3938002E8F43 /* Main.storyboard */; };
		33A2BB7A2A5E3939002E8F43 /* Assets.xcassets in Resources */ = {isa = PBXBuildFile; fileRef = 33A2BB792A5E3939002E8F43 /* Assets.xcassets */; };
		33A2BB7D2A5E3939002E8F43 /* LaunchScreen.storyboard in Resources */ = {isa = PBXBuildFile; fileRef = 33A2BB7B2A5E3939002E8F43 /* LaunchScreen.storyboard */; };
		33A2BB882A5E3EA9002E8F43 /* PokemonCell.swift in Sources */ = {isa = PBXBuildFile; fileRef = 33A2BB862A5E3EA9002E8F43 /* PokemonCell.swift */; };
		33A2BB892A5E3EA9002E8F43 /* PokemonCell.xib in Resources */ = {isa = PBXBuildFile; fileRef = 33A2BB872A5E3EA9002E8F43 /* PokemonCell.xib */; };
		33A2BB8C2A5E3F64002E8F43 /* Pokemon.swift in Sources */ = {isa = PBXBuildFile; fileRef = 33A2BB8B2A5E3F64002E8F43 /* Pokemon.swift */; };
		33A2BB912A5E438D002E8F43 /* PokemonManager.swift in Sources */ = {isa = PBXBuildFile; fileRef = 33A2BB902A5E438D002E8F43 /* PokemonManager.swift */; };
		33A2BB952A5E82AE002E8F43 /* CollectionCellController.swift in Sources */ = {isa = PBXBuildFile; fileRef = 33A2BB942A5E82AE002E8F43 /* CollectionCellController.swift */; };
		33A2BB982A5E85B9002E8F43 /* CollectionViewCell.swift in Sources */ = {isa = PBXBuildFile; fileRef = 33A2BB962A5E85B9002E8F43 /* CollectionViewCell.swift */; };
		33A2BB992A5E85B9002E8F43 /* CollectionViewCell.xib in Resources */ = {isa = PBXBuildFile; fileRef = 33A2BB972A5E85B9002E8F43 /* CollectionViewCell.xib */; };
		33A2BB9B2A5E96BD002E8F43 /* DetailViewController.swift in Sources */ = {isa = PBXBuildFile; fileRef = 33A2BB9A2A5E96BD002E8F43 /* DetailViewController.swift */; };
		33A2BB9D2A5E96F3002E8F43 /* DetailView.storyboard in Resources */ = {isa = PBXBuildFile; fileRef = 33A2BB9C2A5E96F3002E8F43 /* DetailView.storyboard */; };
/* End PBXBuildFile section */

/* Begin PBXFileReference section */
		331E1A062A68C4E600FB51F1 /* FavoriteViewModel.swift */ = {isa = PBXFileReference; lastKnownFileType = sourcecode.swift; path = FavoriteViewModel.swift; sourceTree = "<group>"; };
		331E1A082A68C80A00FB51F1 /* DetailViewModel.swift */ = {isa = PBXFileReference; lastKnownFileType = sourcecode.swift; path = DetailViewModel.swift; sourceTree = "<group>"; };
		331E1A0A2A68E69E00FB51F1 /* CollectionViewModel.swift */ = {isa = PBXFileReference; lastKnownFileType = sourcecode.swift; path = CollectionViewModel.swift; sourceTree = "<group>"; };
		331E1A0C2A69092F00FB51F1 /* EditDataViewModel.swift */ = {isa = PBXFileReference; lastKnownFileType = sourcecode.swift; path = EditDataViewModel.swift; sourceTree = "<group>"; };
		331E1A0E2A690F8100FB51F1 /* AboutViewModel.swift */ = {isa = PBXFileReference; lastKnownFileType = sourcecode.swift; path = AboutViewModel.swift; sourceTree = "<group>"; };
		331E1A102A691D2C00FB51F1 /* MoveViewModel.swift */ = {isa = PBXFileReference; lastKnownFileType = sourcecode.swift; path = MoveViewModel.swift; sourceTree = "<group>"; };
		331FAA032A60DEDB003C50B0 /* Extension.swift */ = {isa = PBXFileReference; lastKnownFileType = sourcecode.swift; path = Extension.swift; sourceTree = "<group>"; };
		331FAA072A61297E003C50B0 /* AboutViewController.swift */ = {isa = PBXFileReference; lastKnownFileType = sourcecode.swift; path = AboutViewController.swift; sourceTree = "<group>"; };
		331FAA092A612991003C50B0 /* BaseStatsViewController.swift */ = {isa = PBXFileReference; lastKnownFileType = sourcecode.swift; path = BaseStatsViewController.swift; sourceTree = "<group>"; };
		331FAA0B2A6129A2003C50B0 /* MoveViewController.swift */ = {isa = PBXFileReference; lastKnownFileType = sourcecode.swift; path = MoveViewController.swift; sourceTree = "<group>"; };
		331FAA0D2A613E42003C50B0 /* MoveTableViewCell.swift */ = {isa = PBXFileReference; lastKnownFileType = sourcecode.swift; path = MoveTableViewCell.swift; sourceTree = "<group>"; };
		331FAA0E2A613E42003C50B0 /* MoveTableViewCell.xib */ = {isa = PBXFileReference; lastKnownFileType = file.xib; path = MoveTableViewCell.xib; sourceTree = "<group>"; };
		3348AC652A6630EE0093E406 /* EditData.storyboard */ = {isa = PBXFileReference; lastKnownFileType = file.storyboard; path = EditData.storyboard; sourceTree = "<group>"; };
		3348AC672A66310D0093E406 /* EditDataViewController.swift */ = {isa = PBXFileReference; lastKnownFileType = sourcecode.swift; path = EditDataViewController.swift; sourceTree = "<group>"; };
		3348AC6A2A6686E80093E406 /* HomeViewModel.swift */ = {isa = PBXFileReference; lastKnownFileType = sourcecode.swift; path = HomeViewModel.swift; sourceTree = "<group>"; };
		3391BE662A64F58A0065F6C0 /* CoreData.xcdatamodel */ = {isa = PBXFileReference; lastKnownFileType = wrapper.xcdatamodel; path = CoreData.xcdatamodel; sourceTree = "<group>"; };
		3391BE682A64F9440065F6C0 /* FavoriteViewController.swift */ = {isa = PBXFileReference; lastKnownFileType = sourcecode.swift; path = FavoriteViewController.swift; sourceTree = "<group>"; };
		3391BE6A2A64FA9A0065F6C0 /* FavoriteViewCell.swift */ = {isa = PBXFileReference; lastKnownFileType = sourcecode.swift; path = FavoriteViewCell.swift; sourceTree = "<group>"; };
		3391BE6B2A64FA9A0065F6C0 /* FavoriteViewCell.xib */ = {isa = PBXFileReference; lastKnownFileType = file.xib; path = FavoriteViewCell.xib; sourceTree = "<group>"; };
		3391BE6E2A64FFFC0065F6C0 /* FavoritePokemon.swift */ = {isa = PBXFileReference; lastKnownFileType = sourcecode.swift; path = FavoritePokemon.swift; sourceTree = "<group>"; };
		3391BE702A6513DE0065F6C0 /* CoreDataManager.swift */ = {isa = PBXFileReference; lastKnownFileType = sourcecode.swift; path = CoreDataManager.swift; sourceTree = "<group>"; };
		33A2BB6D2A5E3938002E8F43 /* PokemonCRUD.app */ = {isa = PBXFileReference; explicitFileType = wrapper.application; includeInIndex = 0; path = PokemonCRUD.app; sourceTree = BUILT_PRODUCTS_DIR; };
		33A2BB702A5E3938002E8F43 /* AppDelegate.swift */ = {isa = PBXFileReference; lastKnownFileType = sourcecode.swift; path = AppDelegate.swift; sourceTree = "<group>"; };
		33A2BB722A5E3938002E8F43 /* SceneDelegate.swift */ = {isa = PBXFileReference; lastKnownFileType = sourcecode.swift; path = SceneDelegate.swift; sourceTree = "<group>"; };
		33A2BB742A5E3938002E8F43 /* HomeController.swift */ = {isa = PBXFileReference; lastKnownFileType = sourcecode.swift; path = HomeController.swift; sourceTree = "<group>"; };
		33A2BB772A5E3938002E8F43 /* Base */ = {isa = PBXFileReference; lastKnownFileType = file.storyboard; name = Base; path = Base.lproj/Main.storyboard; sourceTree = "<group>"; };
		33A2BB792A5E3939002E8F43 /* Assets.xcassets */ = {isa = PBXFileReference; lastKnownFileType = folder.assetcatalog; path = Assets.xcassets; sourceTree = "<group>"; };
		33A2BB7C2A5E3939002E8F43 /* Base */ = {isa = PBXFileReference; lastKnownFileType = file.storyboard; name = Base; path = Base.lproj/LaunchScreen.storyboard; sourceTree = "<group>"; };
		33A2BB7E2A5E3939002E8F43 /* Info.plist */ = {isa = PBXFileReference; lastKnownFileType = text.plist.xml; path = Info.plist; sourceTree = "<group>"; };
		33A2BB862A5E3EA9002E8F43 /* PokemonCell.swift */ = {isa = PBXFileReference; lastKnownFileType = sourcecode.swift; path = PokemonCell.swift; sourceTree = "<group>"; };
		33A2BB872A5E3EA9002E8F43 /* PokemonCell.xib */ = {isa = PBXFileReference; lastKnownFileType = file.xib; path = PokemonCell.xib; sourceTree = "<group>"; };
		33A2BB8B2A5E3F64002E8F43 /* Pokemon.swift */ = {isa = PBXFileReference; lastKnownFileType = sourcecode.swift; path = Pokemon.swift; sourceTree = "<group>"; };
		33A2BB902A5E438D002E8F43 /* PokemonManager.swift */ = {isa = PBXFileReference; lastKnownFileType = sourcecode.swift; path = PokemonManager.swift; sourceTree = "<group>"; };
		33A2BB942A5E82AE002E8F43 /* CollectionCellController.swift */ = {isa = PBXFileReference; lastKnownFileType = sourcecode.swift; path = CollectionCellController.swift; sourceTree = "<group>"; };
		33A2BB962A5E85B9002E8F43 /* CollectionViewCell.swift */ = {isa = PBXFileReference; lastKnownFileType = sourcecode.swift; path = CollectionViewCell.swift; sourceTree = "<group>"; };
		33A2BB972A5E85B9002E8F43 /* CollectionViewCell.xib */ = {isa = PBXFileReference; lastKnownFileType = file.xib; path = CollectionViewCell.xib; sourceTree = "<group>"; };
		33A2BB9A2A5E96BD002E8F43 /* DetailViewController.swift */ = {isa = PBXFileReference; lastKnownFileType = sourcecode.swift; path = DetailViewController.swift; sourceTree = "<group>"; };
		33A2BB9C2A5E96F3002E8F43 /* DetailView.storyboard */ = {isa = PBXFileReference; lastKnownFileType = file.storyboard; path = DetailView.storyboard; sourceTree = "<group>"; };
/* End PBXFileReference section */

/* Begin PBXFrameworksBuildPhase section */
		33A2BB6A2A5E3938002E8F43 /* Frameworks */ = {
			isa = PBXFrameworksBuildPhase;
			buildActionMask = 2147483647;
			files = (
				334CC71D2A5FEF030040E1F0 /* SDWebImageMapKit in Frameworks */,
				334CC71B2A5FEF030040E1F0 /* SDWebImage in Frameworks */,
			);
			runOnlyForDeploymentPostprocessing = 0;
		};
/* End PBXFrameworksBuildPhase section */

/* Begin PBXGroup section */
		331FAA022A60DEBA003C50B0 /* Extensions */ = {
			isa = PBXGroup;
			children = (
				331FAA032A60DEDB003C50B0 /* Extension.swift */,
			);
			path = Extensions;
			sourceTree = "<group>";
		};
		3348AC692A66865C0093E406 /* View Model */ = {
			isa = PBXGroup;
			children = (
				3348AC6A2A6686E80093E406 /* HomeViewModel.swift */,
				331E1A062A68C4E600FB51F1 /* FavoriteViewModel.swift */,
				331E1A082A68C80A00FB51F1 /* DetailViewModel.swift */,
				331E1A0A2A68E69E00FB51F1 /* CollectionViewModel.swift */,
				331E1A0C2A69092F00FB51F1 /* EditDataViewModel.swift */,
				331E1A0E2A690F8100FB51F1 /* AboutViewModel.swift */,
				331E1A102A691D2C00FB51F1 /* MoveViewModel.swift */,
			);
			path = "View Model";
			sourceTree = "<group>";
		};
		33A2BB642A5E3938002E8F43 = {
			isa = PBXGroup;
			children = (
				33A2BB6F2A5E3938002E8F43 /* PokemonCRUD */,
				33A2BB6E2A5E3938002E8F43 /* Products */,
			);
			sourceTree = "<group>";
		};
		33A2BB6E2A5E3938002E8F43 /* Products */ = {
			isa = PBXGroup;
			children = (
				33A2BB6D2A5E3938002E8F43 /* PokemonCRUD.app */,
			);
			name = Products;
			sourceTree = "<group>";
		};
		33A2BB6F2A5E3938002E8F43 /* PokemonCRUD */ = {
			isa = PBXGroup;
			children = (
				3348AC692A66865C0093E406 /* View Model */,
				33A2BB8A2A5E3F50002E8F43 /* Model */,
				33A2BB842A5E3C2E002E8F43 /* Controllers */,
				331FAA022A60DEBA003C50B0 /* Extensions */,
				33A2BB852A5E3C36002E8F43 /* View */,
				33A2BB8F2A5E4378002E8F43 /* Services */,
				33A2BB702A5E3938002E8F43 /* AppDelegate.swift */,
				33A2BB722A5E3938002E8F43 /* SceneDelegate.swift */,
				33A2BB792A5E3939002E8F43 /* Assets.xcassets */,
				33A2BB7B2A5E3939002E8F43 /* LaunchScreen.storyboard */,
				33A2BB7E2A5E3939002E8F43 /* Info.plist */,
			);
			path = PokemonCRUD;
			sourceTree = "<group>";
		};
		33A2BB842A5E3C2E002E8F43 /* Controllers */ = {
			isa = PBXGroup;
			children = (
				33A2BB742A5E3938002E8F43 /* HomeController.swift */,
				33A2BB942A5E82AE002E8F43 /* CollectionCellController.swift */,
				3391BE682A64F9440065F6C0 /* FavoriteViewController.swift */,
				33A2BB9A2A5E96BD002E8F43 /* DetailViewController.swift */,
				331FAA072A61297E003C50B0 /* AboutViewController.swift */,
				331FAA092A612991003C50B0 /* BaseStatsViewController.swift */,
				331FAA0B2A6129A2003C50B0 /* MoveViewController.swift */,
				3348AC672A66310D0093E406 /* EditDataViewController.swift */,
			);
			path = Controllers;
			sourceTree = "<group>";
		};
		33A2BB852A5E3C36002E8F43 /* View */ = {
			isa = PBXGroup;
			children = (
				33A2BB762A5E3938002E8F43 /* Main.storyboard */,
				33A2BB862A5E3EA9002E8F43 /* PokemonCell.swift */,
				33A2BB872A5E3EA9002E8F43 /* PokemonCell.xib */,
				33A2BB962A5E85B9002E8F43 /* CollectionViewCell.swift */,
				33A2BB972A5E85B9002E8F43 /* CollectionViewCell.xib */,
				331FAA0D2A613E42003C50B0 /* MoveTableViewCell.swift */,
				331FAA0E2A613E42003C50B0 /* MoveTableViewCell.xib */,
				33A2BB9C2A5E96F3002E8F43 /* DetailView.storyboard */,
				3391BE6A2A64FA9A0065F6C0 /* FavoriteViewCell.swift */,
				3391BE6B2A64FA9A0065F6C0 /* FavoriteViewCell.xib */,
				3348AC652A6630EE0093E406 /* EditData.storyboard */,
			);
			path = View;
			sourceTree = "<group>";
		};
		33A2BB8A2A5E3F50002E8F43 /* Model */ = {
			isa = PBXGroup;
			children = (
				33A2BB8B2A5E3F64002E8F43 /* Pokemon.swift */,
				3391BE6E2A64FFFC0065F6C0 /* FavoritePokemon.swift */,
			);
			path = Model;
			sourceTree = "<group>";
		};
		33A2BB8F2A5E4378002E8F43 /* Services */ = {
			isa = PBXGroup;
			children = (
				33A2BB902A5E438D002E8F43 /* PokemonManager.swift */,
				3391BE702A6513DE0065F6C0 /* CoreDataManager.swift */,
				3391BE652A64F58A0065F6C0 /* CoreData.xcdatamodeld */,
			);
			path = Services;
			sourceTree = "<group>";
		};
/* End PBXGroup section */

/* Begin PBXNativeTarget section */
		33A2BB6C2A5E3938002E8F43 /* PokemonCRUD */ = {
			isa = PBXNativeTarget;
			buildConfigurationList = 33A2BB812A5E3939002E8F43 /* Build configuration list for PBXNativeTarget "PokemonCRUD" */;
			buildPhases = (
				33A2BB692A5E3938002E8F43 /* Sources */,
				33A2BB6A2A5E3938002E8F43 /* Frameworks */,
				33A2BB6B2A5E3938002E8F43 /* Resources */,
			);
			buildRules = (
			);
			dependencies = (
			);
			name = PokemonCRUD;
			packageProductDependencies = (
				334CC71A2A5FEF030040E1F0 /* SDWebImage */,
				334CC71C2A5FEF030040E1F0 /* SDWebImageMapKit */,
			);
			productName = PokemonCRUD;
			productReference = 33A2BB6D2A5E3938002E8F43 /* PokemonCRUD.app */;
			productType = "com.apple.product-type.application";
		};
/* End PBXNativeTarget section */

/* Begin PBXProject section */
		33A2BB652A5E3938002E8F43 /* Project object */ = {
			isa = PBXProject;
			attributes = {
				BuildIndependentTargetsInParallel = 1;
				LastSwiftUpdateCheck = 1430;
				LastUpgradeCheck = 1430;
				TargetAttributes = {
					33A2BB6C2A5E3938002E8F43 = {
						CreatedOnToolsVersion = 14.3.1;
					};
				};
			};
			buildConfigurationList = 33A2BB682A5E3938002E8F43 /* Build configuration list for PBXProject "PokemonCRUD" */;
			compatibilityVersion = "Xcode 14.0";
			developmentRegion = en;
			hasScannedForEncodings = 0;
			knownRegions = (
				en,
				Base,
			);
			mainGroup = 33A2BB642A5E3938002E8F43;
			packageReferences = (
				334CC7192A5FEF030040E1F0 /* XCRemoteSwiftPackageReference "SDWebImage" */,
			);
			productRefGroup = 33A2BB6E2A5E3938002E8F43 /* Products */;
			projectDirPath = "";
			projectRoot = "";
			targets = (
				33A2BB6C2A5E3938002E8F43 /* PokemonCRUD */,
			);
		};
/* End PBXProject section */

/* Begin PBXResourcesBuildPhase section */
		33A2BB6B2A5E3938002E8F43 /* Resources */ = {
			isa = PBXResourcesBuildPhase;
			buildActionMask = 2147483647;
			files = (
				3348AC662A6630EE0093E406 /* EditData.storyboard in Resources */,
				3391BE6D2A64FA9A0065F6C0 /* FavoriteViewCell.xib in Resources */,
				33A2BB7D2A5E3939002E8F43 /* LaunchScreen.storyboard in Resources */,
				331FAA102A613E42003C50B0 /* MoveTableViewCell.xib in Resources */,
				33A2BB892A5E3EA9002E8F43 /* PokemonCell.xib in Resources */,
				33A2BB9D2A5E96F3002E8F43 /* DetailView.storyboard in Resources */,
				33A2BB7A2A5E3939002E8F43 /* Assets.xcassets in Resources */,
				33A2BB782A5E3938002E8F43 /* Main.storyboard in Resources */,
				33A2BB992A5E85B9002E8F43 /* CollectionViewCell.xib in Resources */,
			);
			runOnlyForDeploymentPostprocessing = 0;
		};
/* End PBXResourcesBuildPhase section */

/* Begin PBXSourcesBuildPhase section */
		33A2BB692A5E3938002E8F43 /* Sources */ = {
			isa = PBXSourcesBuildPhase;
			buildActionMask = 2147483647;
			files = (
				331FAA042A60DEDB003C50B0 /* Extension.swift in Sources */,
				3391BE6F2A64FFFC0065F6C0 /* FavoritePokemon.swift in Sources */,
				3348AC682A66310D0093E406 /* EditDataViewController.swift in Sources */,
				33A2BB9B2A5E96BD002E8F43 /* DetailViewController.swift in Sources */,
				3391BE712A6513DE0065F6C0 /* CoreDataManager.swift in Sources */,
				3391BE672A64F58A0065F6C0 /* CoreData.xcdatamodeld in Sources */,
				331FAA082A61297E003C50B0 /* AboutViewController.swift in Sources */,
				33A2BB8C2A5E3F64002E8F43 /* Pokemon.swift in Sources */,
				331FAA0C2A6129A2003C50B0 /* MoveViewController.swift in Sources */,
				3391BE692A64F9440065F6C0 /* FavoriteViewController.swift in Sources */,
				331E1A072A68C4E600FB51F1 /* FavoriteViewModel.swift in Sources */,
				331E1A092A68C80A00FB51F1 /* DetailViewModel.swift in Sources */,
				331E1A0F2A690F8100FB51F1 /* AboutViewModel.swift in Sources */,
				331E1A0B2A68E69E00FB51F1 /* CollectionViewModel.swift in Sources */,
				331E1A112A691D2C00FB51F1 /* MoveViewModel.swift in Sources */,
				33A2BB952A5E82AE002E8F43 /* CollectionCellController.swift in Sources */,
				33A2BB982A5E85B9002E8F43 /* CollectionViewCell.swift in Sources */,
				33A2BB912A5E438D002E8F43 /* PokemonManager.swift in Sources */,
				33A2BB752A5E3938002E8F43 /* HomeController.swift in Sources */,
				3391BE6C2A64FA9A0065F6C0 /* FavoriteViewCell.swift in Sources */,
				33A2BB882A5E3EA9002E8F43 /* PokemonCell.swift in Sources */,
				331E1A0D2A69092F00FB51F1 /* EditDataViewModel.swift in Sources */,
				331FAA0F2A613E42003C50B0 /* MoveTableViewCell.swift in Sources */,
				3348AC6B2A6686E80093E406 /* HomeViewModel.swift in Sources */,
				331FAA0A2A612991003C50B0 /* BaseStatsViewController.swift in Sources */,
				33A2BB712A5E3938002E8F43 /* AppDelegate.swift in Sources */,
				33A2BB732A5E3938002E8F43 /* SceneDelegate.swift in Sources */,
			);
			runOnlyForDeploymentPostprocessing = 0;
		};
/* End PBXSourcesBuildPhase section */

/* Begin PBXVariantGroup section */
		33A2BB762A5E3938002E8F43 /* Main.storyboard */ = {
			isa = PBXVariantGroup;
			children = (
				33A2BB772A5E3938002E8F43 /* Base */,
			);
			name = Main.storyboard;
			sourceTree = "<group>";
		};
		33A2BB7B2A5E3939002E8F43 /* LaunchScreen.storyboard */ = {
			isa = PBXVariantGroup;
			children = (
				33A2BB7C2A5E3939002E8F43 /* Base */,
			);
			name = LaunchScreen.storyboard;
			sourceTree = "<group>";
		};
/* End PBXVariantGroup section */

/* Begin XCBuildConfiguration section */
		33A2BB7F2A5E3939002E8F43 /* Debug */ = {
			isa = XCBuildConfiguration;
			buildSettings = {
				ALWAYS_SEARCH_USER_PATHS = NO;
				CLANG_ANALYZER_NONNULL = YES;
				CLANG_ANALYZER_NUMBER_OBJECT_CONVERSION = YES_AGGRESSIVE;
				CLANG_CXX_LANGUAGE_STANDARD = "gnu++20";
				CLANG_ENABLE_MODULES = YES;
				CLANG_ENABLE_OBJC_ARC = YES;
				CLANG_ENABLE_OBJC_WEAK = YES;
				CLANG_WARN_BLOCK_CAPTURE_AUTORELEASING = YES;
				CLANG_WARN_BOOL_CONVERSION = YES;
				CLANG_WARN_COMMA = YES;
				CLANG_WARN_CONSTANT_CONVERSION = YES;
				CLANG_WARN_DEPRECATED_OBJC_IMPLEMENTATIONS = YES;
				CLANG_WARN_DIRECT_OBJC_ISA_USAGE = YES_ERROR;
				CLANG_WARN_DOCUMENTATION_COMMENTS = YES;
				CLANG_WARN_EMPTY_BODY = YES;
				CLANG_WARN_ENUM_CONVERSION = YES;
				CLANG_WARN_INFINITE_RECURSION = YES;
				CLANG_WARN_INT_CONVERSION = YES;
				CLANG_WARN_NON_LITERAL_NULL_CONVERSION = YES;
				CLANG_WARN_OBJC_IMPLICIT_RETAIN_SELF = YES;
				CLANG_WARN_OBJC_LITERAL_CONVERSION = YES;
				CLANG_WARN_OBJC_ROOT_CLASS = YES_ERROR;
				CLANG_WARN_QUOTED_INCLUDE_IN_FRAMEWORK_HEADER = YES;
				CLANG_WARN_RANGE_LOOP_ANALYSIS = YES;
				CLANG_WARN_STRICT_PROTOTYPES = YES;
				CLANG_WARN_SUSPICIOUS_MOVE = YES;
				CLANG_WARN_UNGUARDED_AVAILABILITY = YES_AGGRESSIVE;
				CLANG_WARN_UNREACHABLE_CODE = YES;
				CLANG_WARN__DUPLICATE_METHOD_MATCH = YES;
				COPY_PHASE_STRIP = NO;
				DEBUG_INFORMATION_FORMAT = dwarf;
				ENABLE_STRICT_OBJC_MSGSEND = YES;
				ENABLE_TESTABILITY = YES;
				GCC_C_LANGUAGE_STANDARD = gnu11;
				GCC_DYNAMIC_NO_PIC = NO;
				GCC_NO_COMMON_BLOCKS = YES;
				GCC_OPTIMIZATION_LEVEL = 0;
				GCC_PREPROCESSOR_DEFINITIONS = (
					"DEBUG=1",
					"$(inherited)",
				);
				GCC_WARN_64_TO_32_BIT_CONVERSION = YES;
				GCC_WARN_ABOUT_RETURN_TYPE = YES_ERROR;
				GCC_WARN_UNDECLARED_SELECTOR = YES;
				GCC_WARN_UNINITIALIZED_AUTOS = YES_AGGRESSIVE;
				GCC_WARN_UNUSED_FUNCTION = YES;
				GCC_WARN_UNUSED_VARIABLE = YES;
				IPHONEOS_DEPLOYMENT_TARGET = 16.4;
				MTL_ENABLE_DEBUG_INFO = INCLUDE_SOURCE;
				MTL_FAST_MATH = YES;
				ONLY_ACTIVE_ARCH = YES;
				SDKROOT = iphoneos;
				SWIFT_ACTIVE_COMPILATION_CONDITIONS = DEBUG;
				SWIFT_OPTIMIZATION_LEVEL = "-Onone";
			};
			name = Debug;
		};
		33A2BB802A5E3939002E8F43 /* Release */ = {
			isa = XCBuildConfiguration;
			buildSettings = {
				ALWAYS_SEARCH_USER_PATHS = NO;
				CLANG_ANALYZER_NONNULL = YES;
				CLANG_ANALYZER_NUMBER_OBJECT_CONVERSION = YES_AGGRESSIVE;
				CLANG_CXX_LANGUAGE_STANDARD = "gnu++20";
				CLANG_ENABLE_MODULES = YES;
				CLANG_ENABLE_OBJC_ARC = YES;
				CLANG_ENABLE_OBJC_WEAK = YES;
				CLANG_WARN_BLOCK_CAPTURE_AUTORELEASING = YES;
				CLANG_WARN_BOOL_CONVERSION = YES;
				CLANG_WARN_COMMA = YES;
				CLANG_WARN_CONSTANT_CONVERSION = YES;
				CLANG_WARN_DEPRECATED_OBJC_IMPLEMENTATIONS = YES;
				CLANG_WARN_DIRECT_OBJC_ISA_USAGE = YES_ERROR;
				CLANG_WARN_DOCUMENTATION_COMMENTS = YES;
				CLANG_WARN_EMPTY_BODY = YES;
				CLANG_WARN_ENUM_CONVERSION = YES;
				CLANG_WARN_INFINITE_RECURSION = YES;
				CLANG_WARN_INT_CONVERSION = YES;
				CLANG_WARN_NON_LITERAL_NULL_CONVERSION = YES;
				CLANG_WARN_OBJC_IMPLICIT_RETAIN_SELF = YES;
				CLANG_WARN_OBJC_LITERAL_CONVERSION = YES;
				CLANG_WARN_OBJC_ROOT_CLASS = YES_ERROR;
				CLANG_WARN_QUOTED_INCLUDE_IN_FRAMEWORK_HEADER = YES;
				CLANG_WARN_RANGE_LOOP_ANALYSIS = YES;
				CLANG_WARN_STRICT_PROTOTYPES = YES;
				CLANG_WARN_SUSPICIOUS_MOVE = YES;
				CLANG_WARN_UNGUARDED_AVAILABILITY = YES_AGGRESSIVE;
				CLANG_WARN_UNREACHABLE_CODE = YES;
				CLANG_WARN__DUPLICATE_METHOD_MATCH = YES;
				COPY_PHASE_STRIP = NO;
				DEBUG_INFORMATION_FORMAT = "dwarf-with-dsym";
				ENABLE_NS_ASSERTIONS = NO;
				ENABLE_STRICT_OBJC_MSGSEND = YES;
				GCC_C_LANGUAGE_STANDARD = gnu11;
				GCC_NO_COMMON_BLOCKS = YES;
				GCC_WARN_64_TO_32_BIT_CONVERSION = YES;
				GCC_WARN_ABOUT_RETURN_TYPE = YES_ERROR;
				GCC_WARN_UNDECLARED_SELECTOR = YES;
				GCC_WARN_UNINITIALIZED_AUTOS = YES_AGGRESSIVE;
				GCC_WARN_UNUSED_FUNCTION = YES;
				GCC_WARN_UNUSED_VARIABLE = YES;
				IPHONEOS_DEPLOYMENT_TARGET = 16.4;
				MTL_ENABLE_DEBUG_INFO = NO;
				MTL_FAST_MATH = YES;
				SDKROOT = iphoneos;
				SWIFT_COMPILATION_MODE = wholemodule;
				SWIFT_OPTIMIZATION_LEVEL = "-O";
				VALIDATE_PRODUCT = YES;
			};
			name = Release;
		};
		33A2BB822A5E3939002E8F43 /* Debug */ = {
			isa = XCBuildConfiguration;
			buildSettings = {
				ASSETCATALOG_COMPILER_APPICON_NAME = AppIcon;
				ASSETCATALOG_COMPILER_GLOBAL_ACCENT_COLOR_NAME = AccentColor;
				CODE_SIGN_STYLE = Automatic;
				CURRENT_PROJECT_VERSION = 1;
				DEVELOPMENT_TEAM = A43UR5QWT9;
				GENERATE_INFOPLIST_FILE = YES;
				INFOPLIST_FILE = PokemonCRUD/Info.plist;
				INFOPLIST_KEY_UIApplicationSupportsIndirectInputEvents = YES;
				INFOPLIST_KEY_UILaunchStoryboardName = LaunchScreen;
				INFOPLIST_KEY_UIMainStoryboardFile = Main;
				INFOPLIST_KEY_UISupportedInterfaceOrientations_iPad = "UIInterfaceOrientationPortrait UIInterfaceOrientationPortraitUpsideDown UIInterfaceOrientationLandscapeLeft UIInterfaceOrientationLandscapeRight";
				INFOPLIST_KEY_UISupportedInterfaceOrientations_iPhone = "UIInterfaceOrientationPortrait UIInterfaceOrientationLandscapeLeft UIInterfaceOrientationLandscapeRight";
				LD_RUNPATH_SEARCH_PATHS = (
					"$(inherited)",
					"@executable_path/Frameworks",
				);
				MARKETING_VERSION = 1.0;
				PRODUCT_BUNDLE_IDENTIFIER = latihanAppSwift.PokemonCRUD;
				PRODUCT_NAME = "$(TARGET_NAME)";
				SWIFT_EMIT_LOC_STRINGS = YES;
				SWIFT_VERSION = 5.0;
				TARGETED_DEVICE_FAMILY = "1,2";
			};
			name = Debug;
		};
		33A2BB832A5E3939002E8F43 /* Release */ = {
			isa = XCBuildConfiguration;
			buildSettings = {
				ASSETCATALOG_COMPILER_APPICON_NAME = AppIcon;
				ASSETCATALOG_COMPILER_GLOBAL_ACCENT_COLOR_NAME = AccentColor;
				CODE_SIGN_STYLE = Automatic;
				CURRENT_PROJECT_VERSION = 1;
				DEVELOPMENT_TEAM = A43UR5QWT9;
				GENERATE_INFOPLIST_FILE = YES;
				INFOPLIST_FILE = PokemonCRUD/Info.plist;
				INFOPLIST_KEY_UIApplicationSupportsIndirectInputEvents = YES;
				INFOPLIST_KEY_UILaunchStoryboardName = LaunchScreen;
				INFOPLIST_KEY_UIMainStoryboardFile = Main;
				INFOPLIST_KEY_UISupportedInterfaceOrientations_iPad = "UIInterfaceOrientationPortrait UIInterfaceOrientationPortraitUpsideDown UIInterfaceOrientationLandscapeLeft UIInterfaceOrientationLandscapeRight";
				INFOPLIST_KEY_UISupportedInterfaceOrientations_iPhone = "UIInterfaceOrientationPortrait UIInterfaceOrientationLandscapeLeft UIInterfaceOrientationLandscapeRight";
				LD_RUNPATH_SEARCH_PATHS = (
					"$(inherited)",
					"@executable_path/Frameworks",
				);
				MARKETING_VERSION = 1.0;
				PRODUCT_BUNDLE_IDENTIFIER = latihanAppSwift.PokemonCRUD;
				PRODUCT_NAME = "$(TARGET_NAME)";
				SWIFT_EMIT_LOC_STRINGS = YES;
				SWIFT_VERSION = 5.0;
				TARGETED_DEVICE_FAMILY = "1,2";
			};
			name = Release;
		};
/* End XCBuildConfiguration section */

/* Begin XCConfigurationList section */
		33A2BB682A5E3938002E8F43 /* Build configuration list for PBXProject "PokemonCRUD" */ = {
			isa = XCConfigurationList;
			buildConfigurations = (
				33A2BB7F2A5E3939002E8F43 /* Debug */,
				33A2BB802A5E3939002E8F43 /* Release */,
			);
			defaultConfigurationIsVisible = 0;
			defaultConfigurationName = Release;
		};
		33A2BB812A5E3939002E8F43 /* Build configuration list for PBXNativeTarget "PokemonCRUD" */ = {
			isa = XCConfigurationList;
			buildConfigurations = (
				33A2BB822A5E3939002E8F43 /* Debug */,
				33A2BB832A5E3939002E8F43 /* Release */,
			);
			defaultConfigurationIsVisible = 0;
			defaultConfigurationName = Release;
		};
/* End XCConfigurationList section */

/* Begin XCRemoteSwiftPackageReference section */
		334CC7192A5FEF030040E1F0 /* XCRemoteSwiftPackageReference "SDWebImage" */ = {
			isa = XCRemoteSwiftPackageReference;
			repositoryURL = "https://github.com/SDWebImage/SDWebImage.git";
			requirement = {
				kind = upToNextMajorVersion;
				minimumVersion = 5.0.0;
			};
		};
/* End XCRemoteSwiftPackageReference section */

/* Begin XCSwiftPackageProductDependency section */
		334CC71A2A5FEF030040E1F0 /* SDWebImage */ = {
			isa = XCSwiftPackageProductDependency;
			package = 334CC7192A5FEF030040E1F0 /* XCRemoteSwiftPackageReference "SDWebImage" */;
			productName = SDWebImage;
		};
		334CC71C2A5FEF030040E1F0 /* SDWebImageMapKit */ = {
			isa = XCSwiftPackageProductDependency;
			package = 334CC7192A5FEF030040E1F0 /* XCRemoteSwiftPackageReference "SDWebImage" */;
			productName = SDWebImageMapKit;
		};
/* End XCSwiftPackageProductDependency section */

/* Begin XCVersionGroup section */
		3391BE652A64F58A0065F6C0 /* CoreData.xcdatamodeld */ = {
			isa = XCVersionGroup;
			children = (
				3391BE662A64F58A0065F6C0 /* CoreData.xcdatamodel */,
			);
			currentVersion = 3391BE662A64F58A0065F6C0 /* CoreData.xcdatamodel */;
			path = CoreData.xcdatamodeld;
			sourceTree = "<group>";
			versionGroupType = wrapper.xcdatamodel;
		};
/* End XCVersionGroup section */
	};
	rootObject = 33A2BB652A5E3938002E8F43 /* Project object */;
}
